// !$*UTF8*$!
{
	archiveVersion = 1;
	classes = {
	};
	objectVersion = 46;
	objects = {

/* Begin PBXBuildFile section */
		FE942EBA1968B276001E283B /* Foundation.framework in Frameworks */ = {isa = PBXBuildFile; fileRef = FE942EB91968B276001E283B /* Foundation.framework */; };
		FE942EBC1968B276001E283B /* CoreGraphics.framework in Frameworks */ = {isa = PBXBuildFile; fileRef = FE942EBB1968B276001E283B /* CoreGraphics.framework */; };
		FE942EBE1968B276001E283B /* UIKit.framework in Frameworks */ = {isa = PBXBuildFile; fileRef = FE942EBD1968B276001E283B /* UIKit.framework */; };
		FE942EC41968B276001E283B /* InfoPlist.strings in Resources */ = {isa = PBXBuildFile; fileRef = FE942EC21968B276001E283B /* InfoPlist.strings */; };
		FE942EC61968B276001E283B /* main.m in Sources */ = {isa = PBXBuildFile; fileRef = FE942EC51968B276001E283B /* main.m */; };
		FE942ECA1968B276001E283B /* AppDelegate.m in Sources */ = {isa = PBXBuildFile; fileRef = FE942EC91968B276001E283B /* AppDelegate.m */; };
		FE942ECC1968B276001E283B /* Images.xcassets in Resources */ = {isa = PBXBuildFile; fileRef = FE942ECB1968B276001E283B /* Images.xcassets */; };
		FE942ED31968B276001E283B /* XCTest.framework in Frameworks */ = {isa = PBXBuildFile; fileRef = FE942ED21968B276001E283B /* XCTest.framework */; };
		FE942ED41968B276001E283B /* Foundation.framework in Frameworks */ = {isa = PBXBuildFile; fileRef = FE942EB91968B276001E283B /* Foundation.framework */; };
		FE942ED51968B276001E283B /* UIKit.framework in Frameworks */ = {isa = PBXBuildFile; fileRef = FE942EBD1968B276001E283B /* UIKit.framework */; };
		FE942EDD1968B276001E283B /* InfoPlist.strings in Resources */ = {isa = PBXBuildFile; fileRef = FE942EDB1968B276001E283B /* InfoPlist.strings */; };
		FE942EDF1968B276001E283B /* codepath_tumblrTests.m in Sources */ = {isa = PBXBuildFile; fileRef = FE942EDE1968B276001E283B /* codepath_tumblrTests.m */; };
		FE942EEC1968B6A5001E283B /* tabViewController.m in Sources */ = {isa = PBXBuildFile; fileRef = FE942EEA1968B6A5001E283B /* tabViewController.m */; };
		FE942EED1968B6A5001E283B /* tabViewController.xib in Resources */ = {isa = PBXBuildFile; fileRef = FE942EEB1968B6A5001E283B /* tabViewController.xib */; };
		FE942EF11968C296001E283B /* homeViewController.m in Sources */ = {isa = PBXBuildFile; fileRef = FE942EEF1968C296001E283B /* homeViewController.m */; };
		FE942EF21968C296001E283B /* homeViewController.xib in Resources */ = {isa = PBXBuildFile; fileRef = FE942EF01968C296001E283B /* homeViewController.xib */; };
		FE942EF61968C2A4001E283B /* searchViewController.m in Sources */ = {isa = PBXBuildFile; fileRef = FE942EF41968C2A4001E283B /* searchViewController.m */; };
		FE942EF71968C2A4001E283B /* searchViewController.xib in Resources */ = {isa = PBXBuildFile; fileRef = FE942EF51968C2A4001E283B /* searchViewController.xib */; };
		FE942EFB1968C2B8001E283B /* accountViewController.m in Sources */ = {isa = PBXBuildFile; fileRef = FE942EF91968C2B8001E283B /* accountViewController.m */; };
		FE942EFC1968C2B8001E283B /* accountViewController.xib in Resources */ = {isa = PBXBuildFile; fileRef = FE942EFA1968C2B8001E283B /* accountViewController.xib */; };
		FE942F001968C2C8001E283B /* trendingViewController.m in Sources */ = {isa = PBXBuildFile; fileRef = FE942EFE1968C2C8001E283B /* trendingViewController.m */; };
		FE942F011968C2C8001E283B /* trendingViewController.xib in Resources */ = {isa = PBXBuildFile; fileRef = FE942EFF1968C2C8001E283B /* trendingViewController.xib */; };
/* End PBXBuildFile section */

/* Begin PBXContainerItemProxy section */
		FE942ED61968B276001E283B /* PBXContainerItemProxy */ = {
			isa = PBXContainerItemProxy;
			containerPortal = FE942EAE1968B276001E283B /* Project object */;
			proxyType = 1;
			remoteGlobalIDString = FE942EB51968B276001E283B;
			remoteInfo = "codepath-tumblr";
		};
/* End PBXContainerItemProxy section */

/* Begin PBXFileReference section */
		FE942EB61968B276001E283B /* codepath-tumblr.app */ = {isa = PBXFileReference; explicitFileType = wrapper.application; includeInIndex = 0; path = "codepath-tumblr.app"; sourceTree = BUILT_PRODUCTS_DIR; };
		FE942EB91968B276001E283B /* Foundation.framework */ = {isa = PBXFileReference; lastKnownFileType = wrapper.framework; name = Foundation.framework; path = System/Library/Frameworks/Foundation.framework; sourceTree = SDKROOT; };
		FE942EBB1968B276001E283B /* CoreGraphics.framework */ = {isa = PBXFileReference; lastKnownFileType = wrapper.framework; name = CoreGraphics.framework; path = System/Library/Frameworks/CoreGraphics.framework; sourceTree = SDKROOT; };
		FE942EBD1968B276001E283B /* UIKit.framework */ = {isa = PBXFileReference; lastKnownFileType = wrapper.framework; name = UIKit.framework; path = System/Library/Frameworks/UIKit.framework; sourceTree = SDKROOT; };
		FE942EC11968B276001E283B /* codepath-tumblr-Info.plist */ = {isa = PBXFileReference; lastKnownFileType = text.plist.xml; path = "codepath-tumblr-Info.plist"; sourceTree = "<group>"; };
		FE942EC31968B276001E283B /* en */ = {isa = PBXFileReference; lastKnownFileType = text.plist.strings; name = en; path = en.lproj/InfoPlist.strings; sourceTree = "<group>"; };
		FE942EC51968B276001E283B /* main.m */ = {isa = PBXFileReference; lastKnownFileType = sourcecode.c.objc; path = main.m; sourceTree = "<group>"; };
		FE942EC71968B276001E283B /* codepath-tumblr-Prefix.pch */ = {isa = PBXFileReference; lastKnownFileType = sourcecode.c.h; path = "codepath-tumblr-Prefix.pch"; sourceTree = "<group>"; };
		FE942EC81968B276001E283B /* AppDelegate.h */ = {isa = PBXFileReference; lastKnownFileType = sourcecode.c.h; path = AppDelegate.h; sourceTree = "<group>"; };
		FE942EC91968B276001E283B /* AppDelegate.m */ = {isa = PBXFileReference; lastKnownFileType = sourcecode.c.objc; path = AppDelegate.m; sourceTree = "<group>"; };
		FE942ECB1968B276001E283B /* Images.xcassets */ = {isa = PBXFileReference; lastKnownFileType = folder.assetcatalog; path = Images.xcassets; sourceTree = "<group>"; };
		FE942ED11968B276001E283B /* codepath-tumblrTests.xctest */ = {isa = PBXFileReference; explicitFileType = wrapper.cfbundle; includeInIndex = 0; path = "codepath-tumblrTests.xctest"; sourceTree = BUILT_PRODUCTS_DIR; };
		FE942ED21968B276001E283B /* XCTest.framework */ = {isa = PBXFileReference; lastKnownFileType = wrapper.framework; name = XCTest.framework; path = Library/Frameworks/XCTest.framework; sourceTree = DEVELOPER_DIR; };
		FE942EDA1968B276001E283B /* codepath-tumblrTests-Info.plist */ = {isa = PBXFileReference; lastKnownFileType = text.plist.xml; path = "codepath-tumblrTests-Info.plist"; sourceTree = "<group>"; };
		FE942EDC1968B276001E283B /* en */ = {isa = PBXFileReference; lastKnownFileType = text.plist.strings; name = en; path = en.lproj/InfoPlist.strings; sourceTree = "<group>"; };
		FE942EDE1968B276001E283B /* codepath_tumblrTests.m */ = {isa = PBXFileReference; lastKnownFileType = sourcecode.c.objc; path = codepath_tumblrTests.m; sourceTree = "<group>"; };
		FE942EE91968B6A5001E283B /* tabViewController.h */ = {isa = PBXFileReference; fileEncoding = 4; lastKnownFileType = sourcecode.c.h; path = tabViewController.h; sourceTree = "<group>"; };
		FE942EEA1968B6A5001E283B /* tabViewController.m */ = {isa = PBXFileReference; fileEncoding = 4; lastKnownFileType = sourcecode.c.objc; path = tabViewController.m; sourceTree = "<group>"; };
		FE942EEB1968B6A5001E283B /* tabViewController.xib */ = {isa = PBXFileReference; fileEncoding = 4; lastKnownFileType = file.xib; path = tabViewController.xib; sourceTree = "<group>"; };
		FE942EEE1968C296001E283B /* homeViewController.h */ = {isa = PBXFileReference; fileEncoding = 4; lastKnownFileType = sourcecode.c.h; path = homeViewController.h; sourceTree = "<group>"; };
		FE942EEF1968C296001E283B /* homeViewController.m */ = {isa = PBXFileReference; fileEncoding = 4; lastKnownFileType = sourcecode.c.objc; path = homeViewController.m; sourceTree = "<group>"; };
		FE942EF01968C296001E283B /* homeViewController.xib */ = {isa = PBXFileReference; fileEncoding = 4; lastKnownFileType = file.xib; path = homeViewController.xib; sourceTree = "<group>"; };
		FE942EF31968C2A4001E283B /* searchViewController.h */ = {isa = PBXFileReference; fileEncoding = 4; lastKnownFileType = sourcecode.c.h; path = searchViewController.h; sourceTree = "<group>"; };
		FE942EF41968C2A4001E283B /* searchViewController.m */ = {isa = PBXFileReference; fileEncoding = 4; lastKnownFileType = sourcecode.c.objc; path = searchViewController.m; sourceTree = "<group>"; };
		FE942EF51968C2A4001E283B /* searchViewController.xib */ = {isa = PBXFileReference; fileEncoding = 4; lastKnownFileType = file.xib; path = searchViewController.xib; sourceTree = "<group>"; };
		FE942EF81968C2B8001E283B /* accountViewController.h */ = {isa = PBXFileReference; fileEncoding = 4; lastKnownFileType = sourcecode.c.h; path = accountViewController.h; sourceTree = "<group>"; };
		FE942EF91968C2B8001E283B /* accountViewController.m */ = {isa = PBXFileReference; fileEncoding = 4; lastKnownFileType = sourcecode.c.objc; path = accountViewController.m; sourceTree = "<group>"; };
		FE942EFA1968C2B8001E283B /* accountViewController.xib */ = {isa = PBXFileReference; fileEncoding = 4; lastKnownFileType = file.xib; path = accountViewController.xib; sourceTree = "<group>"; };
		FE942EFD1968C2C8001E283B /* trendingViewController.h */ = {isa = PBXFileReference; fileEncoding = 4; lastKnownFileType = sourcecode.c.h; path = trendingViewController.h; sourceTree = "<group>"; };
		FE942EFE1968C2C8001E283B /* trendingViewController.m */ = {isa = PBXFileReference; fileEncoding = 4; lastKnownFileType = sourcecode.c.objc; path = trendingViewController.m; sourceTree = "<group>"; };
		FE942EFF1968C2C8001E283B /* trendingViewController.xib */ = {isa = PBXFileReference; fileEncoding = 4; lastKnownFileType = file.xib; path = trendingViewController.xib; sourceTree = "<group>"; };
/* End PBXFileReference section */

/* Begin PBXFrameworksBuildPhase section */
		FE942EB31968B276001E283B /* Frameworks */ = {
			isa = PBXFrameworksBuildPhase;
			buildActionMask = 2147483647;
			files = (
				FE942EBC1968B276001E283B /* CoreGraphics.framework in Frameworks */,
				FE942EBE1968B276001E283B /* UIKit.framework in Frameworks */,
				FE942EBA1968B276001E283B /* Foundation.framework in Frameworks */,
			);
			runOnlyForDeploymentPostprocessing = 0;
		};
		FE942ECE1968B276001E283B /* Frameworks */ = {
			isa = PBXFrameworksBuildPhase;
			buildActionMask = 2147483647;
			files = (
				FE942ED31968B276001E283B /* XCTest.framework in Frameworks */,
				FE942ED51968B276001E283B /* UIKit.framework in Frameworks */,
				FE942ED41968B276001E283B /* Foundation.framework in Frameworks */,
			);
			runOnlyForDeploymentPostprocessing = 0;
		};
/* End PBXFrameworksBuildPhase section */

/* Begin PBXGroup section */
		FE942EAD1968B276001E283B = {
			isa = PBXGroup;
			children = (
				FE942EBF1968B276001E283B /* codepath-tumblr */,
				FE942ED81968B276001E283B /* codepath-tumblrTests */,
				FE942EB81968B276001E283B /* Frameworks */,
				FE942EB71968B276001E283B /* Products */,
			);
			sourceTree = "<group>";
		};
		FE942EB71968B276001E283B /* Products */ = {
			isa = PBXGroup;
			children = (
				FE942EB61968B276001E283B /* codepath-tumblr.app */,
				FE942ED11968B276001E283B /* codepath-tumblrTests.xctest */,
			);
			name = Products;
			sourceTree = "<group>";
		};
		FE942EB81968B276001E283B /* Frameworks */ = {
			isa = PBXGroup;
			children = (
				FE942EB91968B276001E283B /* Foundation.framework */,
				FE942EBB1968B276001E283B /* CoreGraphics.framework */,
				FE942EBD1968B276001E283B /* UIKit.framework */,
				FE942ED21968B276001E283B /* XCTest.framework */,
			);
			name = Frameworks;
			sourceTree = "<group>";
		};
		FE942EBF1968B276001E283B /* codepath-tumblr */ = {
			isa = PBXGroup;
			children = (
				FE942EE81968B664001E283B /* View Controllers */,
				FE942EC81968B276001E283B /* AppDelegate.h */,
				FE942EC91968B276001E283B /* AppDelegate.m */,
				FE942ECB1968B276001E283B /* Images.xcassets */,
				FE942EC01968B276001E283B /* Supporting Files */,
			);
			path = "codepath-tumblr";
			sourceTree = "<group>";
		};
		FE942EC01968B276001E283B /* Supporting Files */ = {
			isa = PBXGroup;
			children = (
				FE942EC11968B276001E283B /* codepath-tumblr-Info.plist */,
				FE942EC21968B276001E283B /* InfoPlist.strings */,
				FE942EC51968B276001E283B /* main.m */,
				FE942EC71968B276001E283B /* codepath-tumblr-Prefix.pch */,
			);
			name = "Supporting Files";
			sourceTree = "<group>";
		};
		FE942ED81968B276001E283B /* codepath-tumblrTests */ = {
			isa = PBXGroup;
			children = (
				FE942EDE1968B276001E283B /* codepath_tumblrTests.m */,
				FE942ED91968B276001E283B /* Supporting Files */,
			);
			path = "codepath-tumblrTests";
			sourceTree = "<group>";
		};
		FE942ED91968B276001E283B /* Supporting Files */ = {
			isa = PBXGroup;
			children = (
				FE942EDA1968B276001E283B /* codepath-tumblrTests-Info.plist */,
				FE942EDB1968B276001E283B /* InfoPlist.strings */,
			);
			name = "Supporting Files";
			sourceTree = "<group>";
		};
		FE942EE81968B664001E283B /* View Controllers */ = {
			isa = PBXGroup;
			children = (
				FE942EE91968B6A5001E283B /* tabViewController.h */,
				FE942EEA1968B6A5001E283B /* tabViewController.m */,
				FE942EEB1968B6A5001E283B /* tabViewController.xib */,
				FE942EEE1968C296001E283B /* homeViewController.h */,
				FE942EEF1968C296001E283B /* homeViewController.m */,
				FE942EF01968C296001E283B /* homeViewController.xib */,
				FE942EF31968C2A4001E283B /* searchViewController.h */,
				FE942EF41968C2A4001E283B /* searchViewController.m */,
				FE942EF51968C2A4001E283B /* searchViewController.xib */,
				FE942EF81968C2B8001E283B /* accountViewController.h */,
				FE942EF91968C2B8001E283B /* accountViewController.m */,
				FE942EFA1968C2B8001E283B /* accountViewController.xib */,
				FE942EFD1968C2C8001E283B /* trendingViewController.h */,
				FE942EFE1968C2C8001E283B /* trendingViewController.m */,
				FE942EFF1968C2C8001E283B /* trendingViewController.xib */,
			);
			name = "View Controllers";
			sourceTree = "<group>";
		};
/* End PBXGroup section */

/* Begin PBXNativeTarget section */
		FE942EB51968B276001E283B /* codepath-tumblr */ = {
			isa = PBXNativeTarget;
			buildConfigurationList = FE942EE21968B276001E283B /* Build configuration list for PBXNativeTarget "codepath-tumblr" */;
			buildPhases = (
				FE942EB21968B276001E283B /* Sources */,
				FE942EB31968B276001E283B /* Frameworks */,
				FE942EB41968B276001E283B /* Resources */,
			);
			buildRules = (
			);
			dependencies = (
			);
			name = "codepath-tumblr";
			productName = "codepath-tumblr";
			productReference = FE942EB61968B276001E283B /* codepath-tumblr.app */;
			productType = "com.apple.product-type.application";
		};
		FE942ED01968B276001E283B /* codepath-tumblrTests */ = {
			isa = PBXNativeTarget;
			buildConfigurationList = FE942EE51968B276001E283B /* Build configuration list for PBXNativeTarget "codepath-tumblrTests" */;
			buildPhases = (
				FE942ECD1968B276001E283B /* Sources */,
				FE942ECE1968B276001E283B /* Frameworks */,
				FE942ECF1968B276001E283B /* Resources */,
			);
			buildRules = (
			);
			dependencies = (
				FE942ED71968B276001E283B /* PBXTargetDependency */,
			);
			name = "codepath-tumblrTests";
			productName = "codepath-tumblrTests";
			productReference = FE942ED11968B276001E283B /* codepath-tumblrTests.xctest */;
			productType = "com.apple.product-type.bundle.unit-test";
		};
/* End PBXNativeTarget section */

/* Begin PBXProject section */
		FE942EAE1968B276001E283B /* Project object */ = {
			isa = PBXProject;
			attributes = {
				LastUpgradeCheck = 0510;
				ORGANIZATIONNAME = "Mario C. Delgado Jr.";
				TargetAttributes = {
					FE942ED01968B276001E283B = {
						TestTargetID = FE942EB51968B276001E283B;
					};
				};
			};
			buildConfigurationList = FE942EB11968B276001E283B /* Build configuration list for PBXProject "codepath-tumblr" */;
			compatibilityVersion = "Xcode 3.2";
			developmentRegion = English;
			hasScannedForEncodings = 0;
			knownRegions = (
				en,
			);
			mainGroup = FE942EAD1968B276001E283B;
			productRefGroup = FE942EB71968B276001E283B /* Products */;
			projectDirPath = "";
			projectRoot = "";
			targets = (
				FE942EB51968B276001E283B /* codepath-tumblr */,
				FE942ED01968B276001E283B /* codepath-tumblrTests */,
			);
		};
/* End PBXProject section */

/* Begin PBXResourcesBuildPhase section */
		FE942EB41968B276001E283B /* Resources */ = {
			isa = PBXResourcesBuildPhase;
			buildActionMask = 2147483647;
			files = (
				FE942EFC1968C2B8001E283B /* accountViewController.xib in Resources */,
				FE942F011968C2C8001E283B /* trendingViewController.xib in Resources */,
				FE942EC41968B276001E283B /* InfoPlist.strings in Resources */,
				FE942EF71968C2A4001E283B /* searchViewController.xib in Resources */,
				FE942ECC1968B276001E283B /* Images.xcassets in Resources */,
				FE942EED1968B6A5001E283B /* tabViewController.xib in Resources */,
				FE942EF21968C296001E283B /* homeViewController.xib in Resources */,
			);
			runOnlyForDeploymentPostprocessing = 0;
		};
		FE942ECF1968B276001E283B /* Resources */ = {
			isa = PBXResourcesBuildPhase;
			buildActionMask = 2147483647;
			files = (
				FE942EDD1968B276001E283B /* InfoPlist.strings in Resources */,
			);
			runOnlyForDeploymentPostprocessing = 0;
		};
/* End PBXResourcesBuildPhase section */

/* Begin PBXSourcesBuildPhase section */
		FE942EB21968B276001E283B /* Sources */ = {
			isa = PBXSourcesBuildPhase;
			buildActionMask = 2147483647;
			files = (
				FE942EFB1968C2B8001E283B /* accountViewController.m in Sources */,
				FE942ECA1968B276001E283B /* AppDelegate.m in Sources */,
				FE942F001968C2C8001E283B /* trendingViewController.m in Sources */,
				FE942EF61968C2A4001E283B /* searchViewController.m in Sources */,
				FE942EC61968B276001E283B /* main.m in Sources */,
				FE942EEC1968B6A5001E283B /* tabViewController.m in Sources */,
				FE942EF11968C296001E283B /* homeViewController.m in Sources */,
			);
			runOnlyForDeploymentPostprocessing = 0;
		};
		FE942ECD1968B276001E283B /* Sources */ = {
			isa = PBXSourcesBuildPhase;
			buildActionMask = 2147483647;
			files = (
				FE942EDF1968B276001E283B /* codepath_tumblrTests.m in Sources */,
			);
			runOnlyForDeploymentPostprocessing = 0;
		};
/* End PBXSourcesBuildPhase section */

/* Begin PBXTargetDependency section */
		FE942ED71968B276001E283B /* PBXTargetDependency */ = {
			isa = PBXTargetDependency;
			target = FE942EB51968B276001E283B /* codepath-tumblr */;
			targetProxy = FE942ED61968B276001E283B /* PBXContainerItemProxy */;
		};
/* End PBXTargetDependency section */

/* Begin PBXVariantGroup section */
		FE942EC21968B276001E283B /* InfoPlist.strings */ = {
			isa = PBXVariantGroup;
			children = (
				FE942EC31968B276001E283B /* en */,
			);
			name = InfoPlist.strings;
			sourceTree = "<group>";
		};
		FE942EDB1968B276001E283B /* InfoPlist.strings */ = {
			isa = PBXVariantGroup;
			children = (
				FE942EDC1968B276001E283B /* en */,
			);
			name = InfoPlist.strings;
			sourceTree = "<group>";
		};
/* End PBXVariantGroup section */

/* Begin XCBuildConfiguration section */
		FE942EE01968B276001E283B /* Debug */ = {
			isa = XCBuildConfiguration;
			buildSettings = {
				ALWAYS_SEARCH_USER_PATHS = NO;
				CLANG_CXX_LANGUAGE_STANDARD = "gnu++0x";
				CLANG_CXX_LIBRARY = "libc++";
				CLANG_ENABLE_MODULES = YES;
				CLANG_ENABLE_OBJC_ARC = YES;
				CLANG_WARN_BOOL_CONVERSION = YES;
				CLANG_WARN_CONSTANT_CONVERSION = YES;
				CLANG_WARN_DIRECT_OBJC_ISA_USAGE = YES_ERROR;
				CLANG_WARN_EMPTY_BODY = YES;
				CLANG_WARN_ENUM_CONVERSION = YES;
				CLANG_WARN_INT_CONVERSION = YES;
				CLANG_WARN_OBJC_ROOT_CLASS = YES_ERROR;
				CLANG_WARN__DUPLICATE_METHOD_MATCH = YES;
				"CODE_SIGN_IDENTITY[sdk=iphoneos*]" = "iPhone Developer";
				COPY_PHASE_STRIP = NO;
				GCC_C_LANGUAGE_STANDARD = gnu99;
				GCC_DYNAMIC_NO_PIC = NO;
				GCC_OPTIMIZATION_LEVEL = 0;
				GCC_PREPROCESSOR_DEFINITIONS = (
					"DEBUG=1",
					"$(inherited)",
				);
				GCC_SYMBOLS_PRIVATE_EXTERN = NO;
				GCC_WARN_64_TO_32_BIT_CONVERSION = YES;
				GCC_WARN_ABOUT_RETURN_TYPE = YES_ERROR;
				GCC_WARN_UNDECLARED_SELECTOR = YES;
				GCC_WARN_UNINITIALIZED_AUTOS = YES_AGGRESSIVE;
				GCC_WARN_UNUSED_FUNCTION = YES;
				GCC_WARN_UNUSED_VARIABLE = YES;
				IPHONEOS_DEPLOYMENT_TARGET = 7.1;
				ONLY_ACTIVE_ARCH = YES;
				SDKROOT = iphoneos;
			};
			name = Debug;
		};
		FE942EE11968B276001E283B /* Release */ = {
			isa = XCBuildConfiguration;
			buildSettings = {
				ALWAYS_SEARCH_USER_PATHS = NO;
				CLANG_CXX_LANGUAGE_STANDARD = "gnu++0x";
				CLANG_CXX_LIBRARY = "libc++";
				CLANG_ENABLE_MODULES = YES;
				CLANG_ENABLE_OBJC_ARC = YES;
				CLANG_WARN_BOOL_CONVERSION = YES;
				CLANG_WARN_CONSTANT_CONVERSION = YES;
				CLANG_WARN_DIRECT_OBJC_ISA_USAGE = YES_ERROR;
				CLANG_WARN_EMPTY_BODY = YES;
				CLANG_WARN_ENUM_CONVERSION = YES;
				CLANG_WARN_INT_CONVERSION = YES;
				CLANG_WARN_OBJC_ROOT_CLASS = YES_ERROR;
				CLANG_WARN__DUPLICATE_METHOD_MATCH = YES;
				"CODE_SIGN_IDENTITY[sdk=iphoneos*]" = "iPhone Developer";
				COPY_PHASE_STRIP = YES;
				ENABLE_NS_ASSERTIONS = NO;
				GCC_C_LANGUAGE_STANDARD = gnu99;
				GCC_WARN_64_TO_32_BIT_CONVERSION = YES;
				GCC_WARN_ABOUT_RETURN_TYPE = YES_ERROR;
				GCC_WARN_UNDECLARED_SELECTOR = YES;
				GCC_WARN_UNINITIALIZED_AUTOS = YES_AGGRESSIVE;
				GCC_WARN_UNUSED_FUNCTION = YES;
				GCC_WARN_UNUSED_VARIABLE = YES;
				IPHONEOS_DEPLOYMENT_TARGET = 7.1;
				SDKROOT = iphoneos;
				VALIDATE_PRODUCT = YES;
			};
			name = Release;
		};
		FE942EE31968B276001E283B /* Debug */ = {
			isa = XCBuildConfiguration;
			buildSettings = {
				ASSETCATALOG_COMPILER_APPICON_NAME = AppIcon;
				ASSETCATALOG_COMPILER_LAUNCHIMAGE_NAME = LaunchImage;
				GCC_PRECOMPILE_PREFIX_HEADER = YES;
				GCC_PREFIX_HEADER = "codepath-tumblr/codepath-tumblr-Prefix.pch";
				INFOPLIST_FILE = "codepath-tumblr/codepath-tumblr-Info.plist";
				PRODUCT_NAME = "$(TARGET_NAME)";
				WRAPPER_EXTENSION = app;
			};
			name = Debug;
		};
		FE942EE41968B276001E283B /* Release */ = {
			isa = XCBuildConfiguration;
			buildSettings = {
				ASSETCATALOG_COMPILER_APPICON_NAME = AppIcon;
				ASSETCATALOG_COMPILER_LAUNCHIMAGE_NAME = LaunchImage;
				GCC_PRECOMPILE_PREFIX_HEADER = YES;
				GCC_PREFIX_HEADER = "codepath-tumblr/codepath-tumblr-Prefix.pch";
				INFOPLIST_FILE = "codepath-tumblr/codepath-tumblr-Info.plist";
				PRODUCT_NAME = "$(TARGET_NAME)";
				WRAPPER_EXTENSION = app;
			};
			name = Release;
		};
		FE942EE61968B276001E283B /* Debug */ = {
			isa = XCBuildConfiguration;
			buildSettings = {
				BUNDLE_LOADER = "$(BUILT_PRODUCTS_DIR)/codepath-tumblr.app/codepath-tumblr";
				FRAMEWORK_SEARCH_PATHS = (
					"$(SDKROOT)/Developer/Library/Frameworks",
					"$(inherited)",
					"$(DEVELOPER_FRAMEWORKS_DIR)",
				);
				GCC_PRECOMPILE_PREFIX_HEADER = YES;
				GCC_PREFIX_HEADER = "codepath-tumblr/codepath-tumblr-Prefix.pch";
				GCC_PREPROCESSOR_DEFINITIONS = (
					"DEBUG=1",
					"$(inherited)",
				);
				INFOPLIST_FILE = "codepath-tumblrTests/codepath-tumblrTests-Info.plist";
				PRODUCT_NAME = "$(TARGET_NAME)";
				TEST_HOST = "$(BUNDLE_LOADER)";
				WRAPPER_EXTENSION = xctest;
			};
			name = Debug;
		};
		FE942EE71968B276001E283B /* Release */ = {
			isa = XCBuildConfiguration;
			buildSettings = {
				BUNDLE_LOADER = "$(BUILT_PRODUCTS_DIR)/codepath-tumblr.app/codepath-tumblr";
				FRAMEWORK_SEARCH_PATHS = (
					"$(SDKROOT)/Developer/Library/Frameworks",
					"$(inherited)",
					"$(DEVELOPER_FRAMEWORKS_DIR)",
				);
				GCC_PRECOMPILE_PREFIX_HEADER = YES;
				GCC_PREFIX_HEADER = "codepath-tumblr/codepath-tumblr-Prefix.pch";
				INFOPLIST_FILE = "codepath-tumblrTests/codepath-tumblrTests-Info.plist";
				PRODUCT_NAME = "$(TARGET_NAME)";
				TEST_HOST = "$(BUNDLE_LOADER)";
				WRAPPER_EXTENSION = xctest;
			};
			name = Release;
		};
/* End XCBuildConfiguration section */

/* Begin XCConfigurationList section */
		FE942EB11968B276001E283B /* Build configuration list for PBXProject "codepath-tumblr" */ = {
			isa = XCConfigurationList;
			buildConfigurations = (
				FE942EE01968B276001E283B /* Debug */,
				FE942EE11968B276001E283B /* Release */,
			);
			defaultConfigurationIsVisible = 0;
			defaultConfigurationName = Release;
		};
		FE942EE21968B276001E283B /* Build configuration list for PBXNativeTarget "codepath-tumblr" */ = {
			isa = XCConfigurationList;
			buildConfigurations = (
				FE942EE31968B276001E283B /* Debug */,
				FE942EE41968B276001E283B /* Release */,
			);
			defaultConfigurationIsVisible = 0;
		};
		FE942EE51968B276001E283B /* Build configuration list for PBXNativeTarget "codepath-tumblrTests" */ = {
			isa = XCConfigurationList;
			buildConfigurations = (
				FE942EE61968B276001E283B /* Debug */,
				FE942EE71968B276001E283B /* Release */,
			);
			defaultConfigurationIsVisible = 0;
		};
/* End XCConfigurationList section */
	};
	rootObject = FE942EAE1968B276001E283B /* Project object */;
}
